
Microsoft Visual Studio Solution File, Format Version 12.00
# Visual Studio Version 17
VisualStudioVersion = 17.13.35825.156 d17.13
MinimumVisualStudioVersion = 10.0.40219.1
Project("{FAE04EC0-301F-11D3-BF4B-00C04F79EFBC}") = "LiveMapDashboard.Web", "LiveMapDashboard.Web\LiveMapDashboard.Web.csproj", "{43E04334-4D92-47B8-8FF3-08B21A97A737}"
EndProject
Project("{FAE04EC0-301F-11D3-BF4B-00C04F79EFBC}") = "LiveMapDashboard.Tests", "LiveMapDashboard.Tests\LiveMapDashboard.Tests.csproj", "{3ABE31B7-AB9E-432B-8128-C07FD642D8A5}"
EndProject
Global
	GlobalSection(SolutionConfigurationPlatforms) = preSolution
		Debug|Any CPU = Debug|Any CPU
		Release|Any CPU = Release|Any CPU
	EndGlobalSection
	GlobalSection(ProjectConfigurationPlatforms) = postSolution
		{43E04334-4D92-47B8-8FF3-08B21A97A737}.Debug|Any CPU.ActiveCfg = Debug|Any CPU
		{43E04334-4D92-47B8-8FF3-08B21A97A737}.Debug|Any CPU.Build.0 = Debug|Any CPU
		{43E04334-4D92-47B8-8FF3-08B21A97A737}.Release|Any CPU.ActiveCfg = Release|Any CPU
		{43E04334-4D92-47B8-8FF3-08B21A97A737}.Release|Any CPU.Build.0 = Release|Any CPU
		{3ABE31B7-AB9E-432B-8128-C07FD642D8A5}.Debug|Any CPU.ActiveCfg = Debug|Any CPU
		{3ABE31B7-AB9E-432B-8128-C07FD642D8A5}.Debug|Any CPU.Build.0 = Debug|Any CPU
		{3ABE31B7-AB9E-432B-8128-C07FD642D8A5}.Release|Any CPU.ActiveCfg = Release|Any CPU
		{3ABE31B7-AB9E-432B-8128-C07FD642D8A5}.Release|Any CPU.Build.0 = Release|Any CPU
	EndGlobalSection
	GlobalSection(SolutionProperties) = preSolution
		HideSolutionNode = FALSE
	EndGlobalSection
	GlobalSection(ExtensibilityGlobals) = postSolution
		SolutionGuid = {2F300883-C685-49A1-8C89-83F422416E91}
	EndGlobalSection
EndGlobal
